
Microsoft Visual Studio Solution File, Format Version 12.00
# Visual Studio 15
VisualStudioVersion = 15.0.28307.271
MinimumVisualStudioVersion = 10.0.40219.1
Project("{FAE04EC0-301F-11D3-BF4B-00C04F79EFBC}") = "Wincalculator", "Wincalculator\Wincalculator.csproj", "{062C9AB6-4932-47A1-9B15-8B1FD10CDEA0}"
EndProject
Global
	GlobalSection(SolutionConfigurationPlatforms) = preSolution
		Debug|Any CPU = Debug|Any CPU
		Release|Any CPU = Release|Any CPU
	EndGlobalSection
	GlobalSection(ProjectConfigurationPlatforms) = postSolution
		{062C9AB6-4932-47A1-9B15-8B1FD10CDEA0}.Debug|Any CPU.ActiveCfg = Debug|Any CPU
		{062C9AB6-4932-47A1-9B15-8B1FD10CDEA0}.Debug|Any CPU.Build.0 = Debug|Any CPU
		{062C9AB6-4932-47A1-9B15-8B1FD10CDEA0}.Release|Any CPU.ActiveCfg = Release|Any CPU
		{062C9AB6-4932-47A1-9B15-8B1FD10CDEA0}.Release|Any CPU.Build.0 = Release|Any CPU
	EndGlobalSection
	GlobalSection(SolutionProperties) = preSolution
		HideSolutionNode = FALSE
	EndGlobalSection
	GlobalSection(ExtensibilityGlobals) = postSolution
		SolutionGuid = {29B75846-4B54-4E84-B3B2-92F172CA965C}
	EndGlobalSection
EndGlobal
